
Microsoft Visual Studio Solution File, Format Version 12.00
# Visual Studio Version 16
VisualStudioVersion = 16.0.29613.14
MinimumVisualStudioVersion = 10.0.40219.1
Project("{FAE04EC0-301F-11D3-BF4B-00C04F79EFBC}") = "AspNetCoreCaching", "AspNetCoreCaching\AspNetCoreCaching.csproj", "{12E700D1-07F5-48D0-B2A9-325B4B8ACD78}"
EndProject
Global
	GlobalSection(SolutionConfigurationPlatforms) = preSolution
		Debug|Any CPU = Debug|Any CPU
		Release|Any CPU = Release|Any CPU
	EndGlobalSection
	GlobalSection(ProjectConfigurationPlatforms) = postSolution
		{12E700D1-07F5-48D0-B2A9-325B4B8ACD78}.Debug|Any CPU.ActiveCfg = Debug|Any CPU
		{12E700D1-07F5-48D0-B2A9-325B4B8ACD78}.Debug|Any CPU.Build.0 = Debug|Any CPU
		{12E700D1-07F5-48D0-B2A9-325B4B8ACD78}.Release|Any CPU.ActiveCfg = Release|Any CPU
		{12E700D1-07F5-48D0-B2A9-325B4B8ACD78}.Release|Any CPU.Build.0 = Release|Any CPU
	EndGlobalSection
	GlobalSection(SolutionProperties) = preSolution
		HideSolutionNode = FALSE
	EndGlobalSection
	GlobalSection(ExtensibilityGlobals) = postSolution
		SolutionGuid = {EDAE22C5-7C03-4BE4-A38F-BD2DC3574160}
	EndGlobalSection
EndGlobal
